
Microsoft Visual Studio Solution File, Format Version 12.00
# Visual Studio Version 16
VisualStudioVersion = 16.0.30804.86
MinimumVisualStudioVersion = 10.0.40219.1
Project("{FAE04EC0-301F-11D3-BF4B-00C04F79EFBC}") = "API", "API\API.csproj", "{562EFE4C-DE70-4C2A-BC88-7C6C1B9395AF}"
EndProject
Project("{FAE04EC0-301F-11D3-BF4B-00C04F79EFBC}") = "SRC", "SRC\SRC.csproj", "{AA311F78-84EB-4617-95AC-F4D70947CA8C}"
EndProject
Project("{FAE04EC0-301F-11D3-BF4B-00C04F79EFBC}") = "WCFWEB", "WCFWEB\WCFWEB.csproj", "{81FC99D9-A156-4FDC-9D87-AC6F9FF85C20}"
EndProject
Project("{FAE04EC0-301F-11D3-BF4B-00C04F79EFBC}") = "WCFWORKER", "WCFWORKER\WCFWORKER.csproj", "{7741C692-0C7C-4F5C-953C-5A79315000B1}"
EndProject
Project("{CC5FD16D-436D-48AD-A40C-5A424C6E3E79}") = "WCF.AZURE", "WCF.AZURE\WCF.AZURE.ccproj", "{1C9EBD09-04A9-46F7-A425-6A9C9AB12BC5}"
EndProject
Project("{FAE04EC0-301F-11D3-BF4B-00C04F79EFBC}") = "RESTAPI", "RESTAPI\RESTAPI.csproj", "{8603D3FE-080C-4AF0-BAB5-A47A2D35E90C}"
EndProject
Global
	GlobalSection(SolutionConfigurationPlatforms) = preSolution
		Debug|Any CPU = Debug|Any CPU
		Release|Any CPU = Release|Any CPU
		Test|Any CPU = Test|Any CPU
	EndGlobalSection
	GlobalSection(ProjectConfigurationPlatforms) = postSolution
		{562EFE4C-DE70-4C2A-BC88-7C6C1B9395AF}.Debug|Any CPU.ActiveCfg = Debug|Any CPU
		{562EFE4C-DE70-4C2A-BC88-7C6C1B9395AF}.Debug|Any CPU.Build.0 = Debug|Any CPU
		{562EFE4C-DE70-4C2A-BC88-7C6C1B9395AF}.Release|Any CPU.ActiveCfg = Release|Any CPU
		{562EFE4C-DE70-4C2A-BC88-7C6C1B9395AF}.Release|Any CPU.Build.0 = Release|Any CPU
		{562EFE4C-DE70-4C2A-BC88-7C6C1B9395AF}.Test|Any CPU.ActiveCfg = Test|Any CPU
		{562EFE4C-DE70-4C2A-BC88-7C6C1B9395AF}.Test|Any CPU.Build.0 = Test|Any CPU
		{AA311F78-84EB-4617-95AC-F4D70947CA8C}.Debug|Any CPU.ActiveCfg = Debug|Any CPU
		{AA311F78-84EB-4617-95AC-F4D70947CA8C}.Debug|Any CPU.Build.0 = Debug|Any CPU
		{AA311F78-84EB-4617-95AC-F4D70947CA8C}.Release|Any CPU.ActiveCfg = Release|Any CPU
		{AA311F78-84EB-4617-95AC-F4D70947CA8C}.Release|Any CPU.Build.0 = Release|Any CPU
		{AA311F78-84EB-4617-95AC-F4D70947CA8C}.Test|Any CPU.ActiveCfg = Debug|Any CPU
		{AA311F78-84EB-4617-95AC-F4D70947CA8C}.Test|Any CPU.Build.0 = Debug|Any CPU
		{81FC99D9-A156-4FDC-9D87-AC6F9FF85C20}.Debug|Any CPU.ActiveCfg = Debug|Any CPU
		{81FC99D9-A156-4FDC-9D87-AC6F9FF85C20}.Debug|Any CPU.Build.0 = Debug|Any CPU
		{81FC99D9-A156-4FDC-9D87-AC6F9FF85C20}.Release|Any CPU.ActiveCfg = Release|Any CPU
		{81FC99D9-A156-4FDC-9D87-AC6F9FF85C20}.Release|Any CPU.Build.0 = Release|Any CPU
		{81FC99D9-A156-4FDC-9D87-AC6F9FF85C20}.Test|Any CPU.ActiveCfg = Debug|Any CPU
		{81FC99D9-A156-4FDC-9D87-AC6F9FF85C20}.Test|Any CPU.Build.0 = Debug|Any CPU
		{7741C692-0C7C-4F5C-953C-5A79315000B1}.Debug|Any CPU.ActiveCfg = Debug|Any CPU
		{7741C692-0C7C-4F5C-953C-5A79315000B1}.Debug|Any CPU.Build.0 = Debug|Any CPU
		{7741C692-0C7C-4F5C-953C-5A79315000B1}.Release|Any CPU.ActiveCfg = Release|Any CPU
		{7741C692-0C7C-4F5C-953C-5A79315000B1}.Release|Any CPU.Build.0 = Release|Any CPU
		{7741C692-0C7C-4F5C-953C-5A79315000B1}.Test|Any CPU.ActiveCfg = Debug|Any CPU
		{7741C692-0C7C-4F5C-953C-5A79315000B1}.Test|Any CPU.Build.0 = Debug|Any CPU
		{1C9EBD09-04A9-46F7-A425-6A9C9AB12BC5}.Debug|Any CPU.ActiveCfg = Debug|Any CPU
		{1C9EBD09-04A9-46F7-A425-6A9C9AB12BC5}.Debug|Any CPU.Build.0 = Debug|Any CPU
		{1C9EBD09-04A9-46F7-A425-6A9C9AB12BC5}.Release|Any CPU.ActiveCfg = Release|Any CPU
		{1C9EBD09-04A9-46F7-A425-6A9C9AB12BC5}.Release|Any CPU.Build.0 = Release|Any CPU
		{1C9EBD09-04A9-46F7-A425-6A9C9AB12BC5}.Test|Any CPU.ActiveCfg = Debug|Any CPU
		{1C9EBD09-04A9-46F7-A425-6A9C9AB12BC5}.Test|Any CPU.Build.0 = Debug|Any CPU
		{8603D3FE-080C-4AF0-BAB5-A47A2D35E90C}.Debug|Any CPU.ActiveCfg = Debug|Any CPU
		{8603D3FE-080C-4AF0-BAB5-A47A2D35E90C}.Debug|Any CPU.Build.0 = Debug|Any CPU
		{8603D3FE-080C-4AF0-BAB5-A47A2D35E90C}.Release|Any CPU.ActiveCfg = Release|Any CPU
		{8603D3FE-080C-4AF0-BAB5-A47A2D35E90C}.Release|Any CPU.Build.0 = Release|Any CPU
		{8603D3FE-080C-4AF0-BAB5-A47A2D35E90C}.Test|Any CPU.ActiveCfg = Test|Any CPU
		{8603D3FE-080C-4AF0-BAB5-A47A2D35E90C}.Test|Any CPU.Build.0 = Test|Any CPU
	EndGlobalSection
	GlobalSection(SolutionProperties) = preSolution
		HideSolutionNode = FALSE
	EndGlobalSection
	GlobalSection(ExtensibilityGlobals) = postSolution
		SolutionGuid = {FDC81952-B4C4-4410-BFA5-25DE4F605CD4}
	EndGlobalSection
EndGlobal
